
Microsoft Visual Studio Solution File, Format Version 12.00
# Visual Studio Version 16
VisualStudioVersion = 16.0.31129.286
MinimumVisualStudioVersion = 10.0.40219.1
Project("{8BC9CEB8-8B4A-11D0-8D11-00A0C91BC942}") = "class_Zoo", "class_Zoo\class_Zoo.vcxproj", "{86787E52-E11A-4449-B29E-2E44D0821157}"
EndProject
Global
	GlobalSection(SolutionConfigurationPlatforms) = preSolution
		Debug|x64 = Debug|x64
		Debug|x86 = Debug|x86
		Release|x64 = Release|x64
		Release|x86 = Release|x86
	EndGlobalSection
	GlobalSection(ProjectConfigurationPlatforms) = postSolution
		{86787E52-E11A-4449-B29E-2E44D0821157}.Debug|x64.ActiveCfg = Debug|x64
		{86787E52-E11A-4449-B29E-2E44D0821157}.Debug|x64.Build.0 = Debug|x64
		{86787E52-E11A-4449-B29E-2E44D0821157}.Debug|x86.ActiveCfg = Debug|Win32
		{86787E52-E11A-4449-B29E-2E44D0821157}.Debug|x86.Build.0 = Debug|Win32
		{86787E52-E11A-4449-B29E-2E44D0821157}.Release|x64.ActiveCfg = Release|x64
		{86787E52-E11A-4449-B29E-2E44D0821157}.Release|x64.Build.0 = Release|x64
		{86787E52-E11A-4449-B29E-2E44D0821157}.Release|x86.ActiveCfg = Release|Win32
		{86787E52-E11A-4449-B29E-2E44D0821157}.Release|x86.Build.0 = Release|Win32
	EndGlobalSection
	GlobalSection(SolutionProperties) = preSolution
		HideSolutionNode = FALSE
	EndGlobalSection
	GlobalSection(ExtensibilityGlobals) = postSolution
		SolutionGuid = {876199EE-CCD4-4062-B439-A43718B0AC87}
	EndGlobalSection
EndGlobal
